
Microsoft Visual Studio Solution File, Format Version 12.00
# Visual Studio Version 17
VisualStudioVersion = 17.9.34310.174
MinimumVisualStudioVersion = 10.0.40219.1
Project("{FAE04EC0-301F-11D3-BF4B-00C04F79EFBC}") = "Node", "Node\Node.csproj", "{9F38DD1A-E9DA-45B7-ADE8-7A3355FF7D20}"
EndProject
Global
	GlobalSection(SolutionConfigurationPlatforms) = preSolution
		Debug|Any CPU = Debug|Any CPU
		Release|Any CPU = Release|Any CPU
	EndGlobalSection
	GlobalSection(ProjectConfigurationPlatforms) = postSolution
		{9F38DD1A-E9DA-45B7-ADE8-7A3355FF7D20}.Debug|Any CPU.ActiveCfg = Debug|Any CPU
		{9F38DD1A-E9DA-45B7-ADE8-7A3355FF7D20}.Debug|Any CPU.Build.0 = Debug|Any CPU
		{9F38DD1A-E9DA-45B7-ADE8-7A3355FF7D20}.Release|Any CPU.ActiveCfg = Release|Any CPU
		{9F38DD1A-E9DA-45B7-ADE8-7A3355FF7D20}.Release|Any CPU.Build.0 = Release|Any CPU
	EndGlobalSection
	GlobalSection(SolutionProperties) = preSolution
		HideSolutionNode = FALSE
	EndGlobalSection
	GlobalSection(ExtensibilityGlobals) = postSolution
		SolutionGuid = {6A46D5D8-77EF-4DCB-96C0-5B8F56F5B0E1}
	EndGlobalSection
EndGlobal
